
Microsoft Visual Studio Solution File, Format Version 12.00
# Visual Studio Version 16
VisualStudioVersion = 16.0.30621.155
MinimumVisualStudioVersion = 10.0.40219.1
Project("{FAE04EC0-301F-11D3-BF4B-00C04F79EFBC}") = "WeChat_Committee", "WeChat_Committee\WeChat_Committee.csproj", "{2763396C-D562-42BE-85F9-A74049E47A03}"
EndProject
Project("{FAE04EC0-301F-11D3-BF4B-00C04F79EFBC}") = "ConsoleApp_WeChat_Committee", "ConsoleApp_WeChat_Committee\ConsoleApp_WeChat_Committee.csproj", "{9388FBA5-C82C-4E15-8F1B-15D45972862B}"
EndProject
Global
	GlobalSection(SolutionConfigurationPlatforms) = preSolution
		Debug|Any CPU = Debug|Any CPU
		Release|Any CPU = Release|Any CPU
	EndGlobalSection
	GlobalSection(ProjectConfigurationPlatforms) = postSolution
		{2763396C-D562-42BE-85F9-A74049E47A03}.Debug|Any CPU.ActiveCfg = Debug|Any CPU
		{2763396C-D562-42BE-85F9-A74049E47A03}.Debug|Any CPU.Build.0 = Debug|Any CPU
		{2763396C-D562-42BE-85F9-A74049E47A03}.Release|Any CPU.ActiveCfg = Release|Any CPU
		{2763396C-D562-42BE-85F9-A74049E47A03}.Release|Any CPU.Build.0 = Release|Any CPU
		{9388FBA5-C82C-4E15-8F1B-15D45972862B}.Debug|Any CPU.ActiveCfg = Debug|Any CPU
		{9388FBA5-C82C-4E15-8F1B-15D45972862B}.Debug|Any CPU.Build.0 = Debug|Any CPU
		{9388FBA5-C82C-4E15-8F1B-15D45972862B}.Release|Any CPU.ActiveCfg = Release|Any CPU
		{9388FBA5-C82C-4E15-8F1B-15D45972862B}.Release|Any CPU.Build.0 = Release|Any CPU
	EndGlobalSection
	GlobalSection(SolutionProperties) = preSolution
		HideSolutionNode = FALSE
	EndGlobalSection
	GlobalSection(ExtensibilityGlobals) = postSolution
		SolutionGuid = {943E3DA5-BE09-4957-BC54-BADBBEB30C5B}
	EndGlobalSection
EndGlobal
